github.com/qq51529210/http-router v0.0.0-20210524175734-7fccad180f67 h1:BBtf/N9mGr7nXk5kHnJXOiSQGMJCnrOWpdKc5r8m4CU=
github.com/qq51529210/http-router v0.0.0-20210524175734-7fccad180f67/go.mod h1:8hNCFmBvjhuGlz0sTreQA8kngEO/3rAP/isC2HDBem0=
github.com/qq51529210/redis v0.0.0-20210526054006-bc3647eaa041 h1:Qoh4INtpDGGccIdSlYa6JiqIcdhdaYZ1dXNnfk78k7I=
github.com/qq51529210/redis v0.0.0-20210526054006-bc3647eaa041/go.mod h1:h5fsGqGToDjifLPXqH7/2e6Zjd7XHp6+YmRi1jeCBZo=
